// !$*UTF8*$!
{
	archiveVersion = 1;
	classes = {
	};
	objectVersion = 50;
	objects = {

/* Begin PBXBuildFile section */
		5DA26F6024F05E70006DEC00 /* AppDelegate.swift in Sources */ = {isa = PBXBuildFile; fileRef = 5DA26F5F24F05E70006DEC00 /* AppDelegate.swift */; };
		5DA26F6424F05E70006DEC00 /* ViewController.swift in Sources */ = {isa = PBXBuildFile; fileRef = 5DA26F6324F05E70006DEC00 /* ViewController.swift */; };
		5DA26F6A24F05E70006DEC00 /* hwst.xcdatamodeld in Sources */ = {isa = PBXBuildFile; fileRef = 5DA26F6824F05E70006DEC00 /* hwst.xcdatamodeld */; };
		5DA26F6C24F05E7A006DEC00 /* Assets.xcassets in Resources */ = {isa = PBXBuildFile; fileRef = 5DA26F6B24F05E7A006DEC00 /* Assets.xcassets */; };
		5DA26F6F24F05E7A006DEC00 /* LaunchScreen.storyboard in Resources */ = {isa = PBXBuildFile; fileRef = 5DA26F6D24F05E7A006DEC00 /* LaunchScreen.storyboard */; };
		5DA26F7724F2AA5E006DEC00 /* ClassifierAPI.swift in Sources */ = {isa = PBXBuildFile; fileRef = 5DA26F7624F2AA5D006DEC00 /* ClassifierAPI.swift */; };
		5DA26F7924F2B1C3006DEC00 /* ClassifierModel.swift in Sources */ = {isa = PBXBuildFile; fileRef = 5DA26F7824F2B1C3006DEC00 /* ClassifierModel.swift */; };
		5DA26F7B24F2B7FB006DEC00 /* String+Extension.swift in Sources */ = {isa = PBXBuildFile; fileRef = 5DA26F7A24F2B7FB006DEC00 /* String+Extension.swift */; };
		5DA26F7D24F2B855006DEC00 /* Helper.swift in Sources */ = {isa = PBXBuildFile; fileRef = 5DA26F7C24F2B855006DEC00 /* Helper.swift */; };
		5DA26F7F24F2BCC1006DEC00 /* PeriodAddressModel.swift in Sources */ = {isa = PBXBuildFile; fileRef = 5DA26F7E24F2BCC1006DEC00 /* PeriodAddressModel.swift */; };
		5DA26F8124F2C439006DEC00 /* ClassifierService.swift in Sources */ = {isa = PBXBuildFile; fileRef = 5DA26F8024F2C439006DEC00 /* ClassifierService.swift */; };
		5DA26F8324F2D0F9006DEC00 /* PeriodsAPI.swift in Sources */ = {isa = PBXBuildFile; fileRef = 5DA26F8224F2D0F9006DEC00 /* PeriodsAPI.swift */; };
		5DA26F8524F2D18E006DEC00 /* PeriodsService.swift in Sources */ = {isa = PBXBuildFile; fileRef = 5DA26F8424F2D18E006DEC00 /* PeriodsService.swift */; };
		5DA26F8724F2F755006DEC00 /* CoreDataManager.swift in Sources */ = {isa = PBXBuildFile; fileRef = 5DA26F8624F2F755006DEC00 /* CoreDataManager.swift */; };
		5DA26F8924F2F778006DEC00 /* Storage.swift in Sources */ = {isa = PBXBuildFile; fileRef = 5DA26F8824F2F778006DEC00 /* Storage.swift */; };
		5DA26F8B24F32C75006DEC00 /* PeriodTableViewCell.swift in Sources */ = {isa = PBXBuildFile; fileRef = 5DA26F8A24F32C75006DEC00 /* PeriodTableViewCell.swift */; };
		6DD01A9BE0B74B234A72776C /* Pods_hwst.framework in Frameworks */ = {isa = PBXBuildFile; fileRef = DD9BC7E1F2A74EBA105B009C /* Pods_hwst.framework */; };
/* End PBXBuildFile section */

/* Begin PBXFileReference section */
		20784805CCD833CBBA6B7576 /* Pods-hwst.debug.xcconfig */ = {isa = PBXFileReference; includeInIndex = 1; lastKnownFileType = text.xcconfig; name = "Pods-hwst.debug.xcconfig"; path = "Pods/Target Support Files/Pods-hwst/Pods-hwst.debug.xcconfig"; sourceTree = "<group>"; };
		5DA26F5C24F05E70006DEC00 /* HWST.app */ = {isa = PBXFileReference; explicitFileType = wrapper.application; includeInIndex = 0; path = HWST.app; sourceTree = BUILT_PRODUCTS_DIR; };
		5DA26F5F24F05E70006DEC00 /* AppDelegate.swift */ = {isa = PBXFileReference; lastKnownFileType = sourcecode.swift; path = AppDelegate.swift; sourceTree = "<group>"; };
		5DA26F6324F05E70006DEC00 /* ViewController.swift */ = {isa = PBXFileReference; lastKnownFileType = sourcecode.swift; path = ViewController.swift; sourceTree = "<group>"; };
		5DA26F6924F05E70006DEC00 /* hwst.xcdatamodel */ = {isa = PBXFileReference; lastKnownFileType = wrapper.xcdatamodel; path = hwst.xcdatamodel; sourceTree = "<group>"; };
		5DA26F6B24F05E7A006DEC00 /* Assets.xcassets */ = {isa = PBXFileReference; lastKnownFileType = folder.assetcatalog; path = Assets.xcassets; sourceTree = "<group>"; };
		5DA26F6E24F05E7A006DEC00 /* Base */ = {isa = PBXFileReference; lastKnownFileType = file.storyboard; name = Base; path = Base.lproj/LaunchScreen.storyboard; sourceTree = "<group>"; };
		5DA26F7024F05E7A006DEC00 /* Info.plist */ = {isa = PBXFileReference; lastKnownFileType = text.plist.xml; path = Info.plist; sourceTree = "<group>"; };
		5DA26F7624F2AA5D006DEC00 /* ClassifierAPI.swift */ = {isa = PBXFileReference; lastKnownFileType = sourcecode.swift; path = ClassifierAPI.swift; sourceTree = "<group>"; };
		5DA26F7824F2B1C3006DEC00 /* ClassifierModel.swift */ = {isa = PBXFileReference; lastKnownFileType = sourcecode.swift; path = ClassifierModel.swift; sourceTree = "<group>"; };
		5DA26F7A24F2B7FB006DEC00 /* String+Extension.swift */ = {isa = PBXFileReference; lastKnownFileType = sourcecode.swift; path = "String+Extension.swift"; sourceTree = "<group>"; };
		5DA26F7C24F2B855006DEC00 /* Helper.swift */ = {isa = PBXFileReference; lastKnownFileType = sourcecode.swift; path = Helper.swift; sourceTree = "<group>"; };
		5DA26F7E24F2BCC1006DEC00 /* PeriodAddressModel.swift */ = {isa = PBXFileReference; lastKnownFileType = sourcecode.swift; path = PeriodAddressModel.swift; sourceTree = "<group>"; };
		5DA26F8024F2C439006DEC00 /* ClassifierService.swift */ = {isa = PBXFileReference; lastKnownFileType = sourcecode.swift; path = ClassifierService.swift; sourceTree = "<group>"; };
		5DA26F8224F2D0F9006DEC00 /* PeriodsAPI.swift */ = {isa = PBXFileReference; lastKnownFileType = sourcecode.swift; path = PeriodsAPI.swift; sourceTree = "<group>"; };
		5DA26F8424F2D18E006DEC00 /* PeriodsService.swift */ = {isa = PBXFileReference; lastKnownFileType = sourcecode.swift; path = PeriodsService.swift; sourceTree = "<group>"; };
		5DA26F8624F2F755006DEC00 /* CoreDataManager.swift */ = {isa = PBXFileReference; lastKnownFileType = sourcecode.swift; path = CoreDataManager.swift; sourceTree = "<group>"; };
		5DA26F8824F2F778006DEC00 /* Storage.swift */ = {isa = PBXFileReference; lastKnownFileType = sourcecode.swift; path = Storage.swift; sourceTree = "<group>"; };
		5DA26F8A24F32C75006DEC00 /* PeriodTableViewCell.swift */ = {isa = PBXFileReference; lastKnownFileType = sourcecode.swift; path = PeriodTableViewCell.swift; sourceTree = "<group>"; };
		7FB02E00B8D9C19C400625BC /* Pods-hwst.release.xcconfig */ = {isa = PBXFileReference; includeInIndex = 1; lastKnownFileType = text.xcconfig; name = "Pods-hwst.release.xcconfig"; path = "Pods/Target Support Files/Pods-hwst/Pods-hwst.release.xcconfig"; sourceTree = "<group>"; };
		DD9BC7E1F2A74EBA105B009C /* Pods_hwst.framework */ = {isa = PBXFileReference; explicitFileType = wrapper.framework; includeInIndex = 0; path = Pods_hwst.framework; sourceTree = BUILT_PRODUCTS_DIR; };
/* End PBXFileReference section */

/* Begin PBXFrameworksBuildPhase section */
		5DA26F5924F05E70006DEC00 /* Frameworks */ = {
			isa = PBXFrameworksBuildPhase;
			buildActionMask = 2147483647;
			files = (
				6DD01A9BE0B74B234A72776C /* Pods_hwst.framework in Frameworks */,
			);
			runOnlyForDeploymentPostprocessing = 0;
		};
/* End PBXFrameworksBuildPhase section */

/* Begin PBXGroup section */
		03799935667B842E80C53372 /* Frameworks */ = {
			isa = PBXGroup;
			children = (
				DD9BC7E1F2A74EBA105B009C /* Pods_hwst.framework */,
			);
			name = Frameworks;
			sourceTree = "<group>";
		};
		5DA26F5324F05E6F006DEC00 = {
			isa = PBXGroup;
			children = (
				5DA26F5E24F05E70006DEC00 /* hwst */,
				5DA26F5D24F05E70006DEC00 /* Products */,
				A93D416E397A6517B721472E /* Pods */,
				03799935667B842E80C53372 /* Frameworks */,
			);
			sourceTree = "<group>";
		};
		5DA26F5D24F05E70006DEC00 /* Products */ = {
			isa = PBXGroup;
			children = (
				5DA26F5C24F05E70006DEC00 /* HWST.app */,
			);
			name = Products;
			sourceTree = "<group>";
		};
		5DA26F5E24F05E70006DEC00 /* hwst */ = {
			isa = PBXGroup;
			children = (
				5DA26F5F24F05E70006DEC00 /* AppDelegate.swift */,
				5DA26F6324F05E70006DEC00 /* ViewController.swift */,
				5DA26F8424F2D18E006DEC00 /* PeriodsService.swift */,
				5DA26F8A24F32C75006DEC00 /* PeriodTableViewCell.swift */,
				5DA26F6B24F05E7A006DEC00 /* Assets.xcassets */,
				5DA26F6D24F05E7A006DEC00 /* LaunchScreen.storyboard */,
				5DA26F7024F05E7A006DEC00 /* Info.plist */,
				5DA26F6824F05E70006DEC00 /* hwst.xcdatamodeld */,
				5DA26F8024F2C439006DEC00 /* ClassifierService.swift */,
				5DA26F7624F2AA5D006DEC00 /* ClassifierAPI.swift */,
				5DA26F7824F2B1C3006DEC00 /* ClassifierModel.swift */,
				5DA26F7C24F2B855006DEC00 /* Helper.swift */,
				5DA26F7A24F2B7FB006DEC00 /* String+Extension.swift */,
				5DA26F8224F2D0F9006DEC00 /* PeriodsAPI.swift */,
				5DA26F7E24F2BCC1006DEC00 /* PeriodAddressModel.swift */,
				5DA26F8624F2F755006DEC00 /* CoreDataManager.swift */,
				5DA26F8824F2F778006DEC00 /* Storage.swift */,
			);
			path = hwst;
			sourceTree = "<group>";
		};
		A93D416E397A6517B721472E /* Pods */ = {
			isa = PBXGroup;
			children = (
				20784805CCD833CBBA6B7576 /* Pods-hwst.debug.xcconfig */,
				7FB02E00B8D9C19C400625BC /* Pods-hwst.release.xcconfig */,
			);
			name = Pods;
			sourceTree = "<group>";
		};
/* End PBXGroup section */

/* Begin PBXNativeTarget section */
		5DA26F5B24F05E70006DEC00 /* hwst */ = {
			isa = PBXNativeTarget;
			buildConfigurationList = 5DA26F7324F05E7A006DEC00 /* Build configuration list for PBXNativeTarget "hwst" */;
			buildPhases = (
				AF531AE35A52299C0C6B0B33 /* [CP] Check Pods Manifest.lock */,
				5DA26F5824F05E70006DEC00 /* Sources */,
				5DA26F5924F05E70006DEC00 /* Frameworks */,
				5DA26F5A24F05E70006DEC00 /* Resources */,
				BEFAC39ABB2F82488DB7C708 /* [CP] Embed Pods Frameworks */,
				AFE768DFECEE8016D97CCF7B /* [CP] Copy Pods Resources */,
			);
			buildRules = (
			);
			dependencies = (
			);
			name = hwst;
			productName = hwst;
			productReference = 5DA26F5C24F05E70006DEC00 /* HWST.app */;
			productType = "com.apple.product-type.application";
		};
/* End PBXNativeTarget section */

/* Begin PBXProject section */
		5DA26F5424F05E6F006DEC00 /* Project object */ = {
			isa = PBXProject;
			attributes = {
				LastSwiftUpdateCheck = 1130;
				LastUpgradeCheck = 1130;
				ORGANIZATIONNAME = "Anton Prokhorov";
				TargetAttributes = {
					5DA26F5B24F05E70006DEC00 = {
						CreatedOnToolsVersion = 11.3.1;
					};
				};
			};
			buildConfigurationList = 5DA26F5724F05E6F006DEC00 /* Build configuration list for PBXProject "hwst" */;
			compatibilityVersion = "Xcode 9.3";
			developmentRegion = en;
			hasScannedForEncodings = 0;
			knownRegions = (
				en,
				Base,
			);
			mainGroup = 5DA26F5324F05E6F006DEC00;
			productRefGroup = 5DA26F5D24F05E70006DEC00 /* Products */;
			projectDirPath = "";
			projectRoot = "";
			targets = (
				5DA26F5B24F05E70006DEC00 /* hwst */,
			);
		};
/* End PBXProject section */

/* Begin PBXResourcesBuildPhase section */
		5DA26F5A24F05E70006DEC00 /* Resources */ = {
			isa = PBXResourcesBuildPhase;
			buildActionMask = 2147483647;
			files = (
				5DA26F6F24F05E7A006DEC00 /* LaunchScreen.storyboard in Resources */,
				5DA26F6C24F05E7A006DEC00 /* Assets.xcassets in Resources */,
			);
			runOnlyForDeploymentPostprocessing = 0;
		};
/* End PBXResourcesBuildPhase section */

/* Begin PBXShellScriptBuildPhase section */
		AF531AE35A52299C0C6B0B33 /* [CP] Check Pods Manifest.lock */ = {
			isa = PBXShellScriptBuildPhase;
			buildActionMask = 2147483647;
			files = (
			);
			inputFileListPaths = (
			);
			inputPaths = (
			);
			name = "[CP] Check Pods Manifest.lock";
			outputFileListPaths = (
			);
			outputPaths = (
			);
			runOnlyForDeploymentPostprocessing = 0;
			shellPath = /bin/sh;
			shellScript = "diff \"${PODS_PODFILE_DIR_PATH}/Podfile.lock\" \"${PODS_ROOT}/Manifest.lock\" > /dev/null\nif [ $? != 0 ] ; then\n    # print error to STDERR\n    echo \"error: The sandbox is not in sync with the Podfile.lock. Run 'pod install' or update your CocoaPods installation.\" >&2\n    exit 1\nfi\n";
			showEnvVarsInLog = 0;
		};
		AFE768DFECEE8016D97CCF7B /* [CP] Copy Pods Resources */ = {
			isa = PBXShellScriptBuildPhase;
			buildActionMask = 2147483647;
			files = (
			);
			inputFileListPaths = (
			);
			inputPaths = (
			);
			name = "[CP] Copy Pods Resources";
			outputFileListPaths = (
			);
			outputPaths = (
			);
			runOnlyForDeploymentPostprocessing = 0;
			shellPath = /bin/sh;
			shellScript = "\"${SRCROOT}/Pods/Target Support Files/Pods-hwst/Pods-hwst-resources.sh\"\n";
			showEnvVarsInLog = 0;
		};
		BEFAC39ABB2F82488DB7C708 /* [CP] Embed Pods Frameworks */ = {
			isa = PBXShellScriptBuildPhase;
			buildActionMask = 2147483647;
			files = (
			);
			inputFileListPaths = (
			);
			inputPaths = (
			);
			name = "[CP] Embed Pods Frameworks";
			outputFileListPaths = (
			);
			outputPaths = (
			);
			runOnlyForDeploymentPostprocessing = 0;
			shellPath = /bin/sh;
			shellScript = "\"${SRCROOT}/Pods/Target Support Files/Pods-hwst/Pods-hwst-frameworks.sh\"\n";
			showEnvVarsInLog = 0;
		};
/* End PBXShellScriptBuildPhase section */

/* Begin PBXSourcesBuildPhase section */
		5DA26F5824F05E70006DEC00 /* Sources */ = {
			isa = PBXSourcesBuildPhase;
			buildActionMask = 2147483647;
			files = (
				5DA26F6424F05E70006DEC00 /* ViewController.swift in Sources */,
				5DA26F8124F2C439006DEC00 /* ClassifierService.swift in Sources */,
				5DA26F7D24F2B855006DEC00 /* Helper.swift in Sources */,
				5DA26F7724F2AA5E006DEC00 /* ClassifierAPI.swift in Sources */,
				5DA26F8524F2D18E006DEC00 /* PeriodsService.swift in Sources */,
				5DA26F7924F2B1C3006DEC00 /* ClassifierModel.swift in Sources */,
				5DA26F8724F2F755006DEC00 /* CoreDataManager.swift in Sources */,
				5DA26F8324F2D0F9006DEC00 /* PeriodsAPI.swift in Sources */,
				5DA26F6024F05E70006DEC00 /* AppDelegate.swift in Sources */,
				5DA26F7F24F2BCC1006DEC00 /* PeriodAddressModel.swift in Sources */,
				5DA26F7B24F2B7FB006DEC00 /* String+Extension.swift in Sources */,
				5DA26F6A24F05E70006DEC00 /* hwst.xcdatamodeld in Sources */,
				5DA26F8B24F32C75006DEC00 /* PeriodTableViewCell.swift in Sources */,
				5DA26F8924F2F778006DEC00 /* Storage.swift in Sources */,
			);
			runOnlyForDeploymentPostprocessing = 0;
		};
/* End PBXSourcesBuildPhase section */

/* Begin PBXVariantGroup section */
		5DA26F6D24F05E7A006DEC00 /* LaunchScreen.storyboard */ = {
			isa = PBXVariantGroup;
			children = (
				5DA26F6E24F05E7A006DEC00 /* Base */,
			);
			name = LaunchScreen.storyboard;
			sourceTree = "<group>";
		};
/* End PBXVariantGroup section */

/* Begin XCBuildConfiguration section */
		5DA26F7124F05E7A006DEC00 /* Debug */ = {
			isa = XCBuildConfiguration;
			buildSettings = {
				ALWAYS_SEARCH_USER_PATHS = NO;
				CLANG_ANALYZER_NONNULL = YES;
				CLANG_ANALYZER_NUMBER_OBJECT_CONVERSION = YES_AGGRESSIVE;
				CLANG_CXX_LANGUAGE_STANDARD = "gnu++14";
				CLANG_CXX_LIBRARY = "libc++";
				CLANG_ENABLE_MODULES = YES;
				CLANG_ENABLE_OBJC_ARC = YES;
				CLANG_ENABLE_OBJC_WEAK = YES;
				CLANG_WARN_BLOCK_CAPTURE_AUTORELEASING = YES;
				CLANG_WARN_BOOL_CONVERSION = YES;
				CLANG_WARN_COMMA = YES;
				CLANG_WARN_CONSTANT_CONVERSION = YES;
				CLANG_WARN_DEPRECATED_OBJC_IMPLEMENTATIONS = YES;
				CLANG_WARN_DIRECT_OBJC_ISA_USAGE = YES_ERROR;
				CLANG_WARN_DOCUMENTATION_COMMENTS = YES;
				CLANG_WARN_EMPTY_BODY = YES;
				CLANG_WARN_ENUM_CONVERSION = YES;
				CLANG_WARN_INFINITE_RECURSION = YES;
				CLANG_WARN_INT_CONVERSION = YES;
				CLANG_WARN_NON_LITERAL_NULL_CONVERSION = YES;
				CLANG_WARN_OBJC_IMPLICIT_RETAIN_SELF = YES;
				CLANG_WARN_OBJC_LITERAL_CONVERSION = YES;
				CLANG_WARN_OBJC_ROOT_CLASS = YES_ERROR;
				CLANG_WARN_RANGE_LOOP_ANALYSIS = YES;
				CLANG_WARN_STRICT_PROTOTYPES = YES;
				CLANG_WARN_SUSPICIOUS_MOVE = YES;
				CLANG_WARN_UNGUARDED_AVAILABILITY = YES_AGGRESSIVE;
				CLANG_WARN_UNREACHABLE_CODE = YES;
				CLANG_WARN__DUPLICATE_METHOD_MATCH = YES;
				COPY_PHASE_STRIP = NO;
				DEBUG_INFORMATION_FORMAT = dwarf;
				ENABLE_STRICT_OBJC_MSGSEND = YES;
				ENABLE_TESTABILITY = YES;
				GCC_C_LANGUAGE_STANDARD = gnu11;
				GCC_DYNAMIC_NO_PIC = NO;
				GCC_NO_COMMON_BLOCKS = YES;
				GCC_OPTIMIZATION_LEVEL = 0;
				GCC_PREPROCESSOR_DEFINITIONS = (
					"DEBUG=1",
					"$(inherited)",
				);
				GCC_WARN_64_TO_32_BIT_CONVERSION = YES;
				GCC_WARN_ABOUT_RETURN_TYPE = YES_ERROR;
				GCC_WARN_UNDECLARED_SELECTOR = YES;
				GCC_WARN_UNINITIALIZED_AUTOS = YES_AGGRESSIVE;
				GCC_WARN_UNUSED_FUNCTION = YES;
				GCC_WARN_UNUSED_VARIABLE = YES;
				IPHONEOS_DEPLOYMENT_TARGET = 13.2;
				MTL_ENABLE_DEBUG_INFO = INCLUDE_SOURCE;
				MTL_FAST_MATH = YES;
				ONLY_ACTIVE_ARCH = YES;
				SDKROOT = iphoneos;
				SWIFT_ACTIVE_COMPILATION_CONDITIONS = DEBUG;
				SWIFT_OPTIMIZATION_LEVEL = "-Onone";
			};
			name = Debug;
		};
		5DA26F7224F05E7A006DEC00 /* Release */ = {
			isa = XCBuildConfiguration;
			buildSettings = {
				ALWAYS_SEARCH_USER_PATHS = NO;
				CLANG_ANALYZER_NONNULL = YES;
				CLANG_ANALYZER_NUMBER_OBJECT_CONVERSION = YES_AGGRESSIVE;
				CLANG_CXX_LANGUAGE_STANDARD = "gnu++14";
				CLANG_CXX_LIBRARY = "libc++";
				CLANG_ENABLE_MODULES = YES;
				CLANG_ENABLE_OBJC_ARC = YES;
				CLANG_ENABLE_OBJC_WEAK = YES;
				CLANG_WARN_BLOCK_CAPTURE_AUTORELEASING = YES;
				CLANG_WARN_BOOL_CONVERSION = YES;
				CLANG_WARN_COMMA = YES;
				CLANG_WARN_CONSTANT_CONVERSION = YES;
				CLANG_WARN_DEPRECATED_OBJC_IMPLEMENTATIONS = YES;
				CLANG_WARN_DIRECT_OBJC_ISA_USAGE = YES_ERROR;
				CLANG_WARN_DOCUMENTATION_COMMENTS = YES;
				CLANG_WARN_EMPTY_BODY = YES;
				CLANG_WARN_ENUM_CONVERSION = YES;
				CLANG_WARN_INFINITE_RECURSION = YES;
				CLANG_WARN_INT_CONVERSION = YES;
				CLANG_WARN_NON_LITERAL_NULL_CONVERSION = YES;
				CLANG_WARN_OBJC_IMPLICIT_RETAIN_SELF = YES;
				CLANG_WARN_OBJC_LITERAL_CONVERSION = YES;
				CLANG_WARN_OBJC_ROOT_CLASS = YES_ERROR;
				CLANG_WARN_RANGE_LOOP_ANALYSIS = YES;
				CLANG_WARN_STRICT_PROTOTYPES = YES;
				CLANG_WARN_SUSPICIOUS_MOVE = YES;
				CLANG_WARN_UNGUARDED_AVAILABILITY = YES_AGGRESSIVE;
				CLANG_WARN_UNREACHABLE_CODE = YES;
				CLANG_WARN__DUPLICATE_METHOD_MATCH = YES;
				COPY_PHASE_STRIP = NO;
				DEBUG_INFORMATION_FORMAT = "dwarf-with-dsym";
				ENABLE_NS_ASSERTIONS = NO;
				ENABLE_STRICT_OBJC_MSGSEND = YES;
				GCC_C_LANGUAGE_STANDARD = gnu11;
				GCC_NO_COMMON_BLOCKS = YES;
				GCC_WARN_64_TO_32_BIT_CONVERSION = YES;
				GCC_WARN_ABOUT_RETURN_TYPE = YES_ERROR;
				GCC_WARN_UNDECLARED_SELECTOR = YES;
				GCC_WARN_UNINITIALIZED_AUTOS = YES_AGGRESSIVE;
				GCC_WARN_UNUSED_FUNCTION = YES;
				GCC_WARN_UNUSED_VARIABLE = YES;
				IPHONEOS_DEPLOYMENT_TARGET = 13.2;
				MTL_ENABLE_DEBUG_INFO = NO;
				MTL_FAST_MATH = YES;
				SDKROOT = iphoneos;
				SWIFT_COMPILATION_MODE = wholemodule;
				SWIFT_OPTIMIZATION_LEVEL = "-O";
				VALIDATE_PRODUCT = YES;
			};
			name = Release;
		};
		5DA26F7424F05E7A006DEC00 /* Debug */ = {
			isa = XCBuildConfiguration;
			baseConfigurationReference = 20784805CCD833CBBA6B7576 /* Pods-hwst.debug.xcconfig */;
			buildSettings = {
				ASSETCATALOG_COMPILER_APPICON_NAME = AppIcon;
				CODE_SIGN_STYLE = Automatic;
				DEVELOPMENT_TEAM = C4258W3T9M;
				INFOPLIST_FILE = hwst/Info.plist;
				IPHONEOS_DEPLOYMENT_TARGET = 10.0;
				LD_RUNPATH_SEARCH_PATHS = (
					"$(inherited)",
					"@executable_path/Frameworks",
				);
				PRODUCT_BUNDLE_IDENTIFIER = apro.hwst;
				PRODUCT_NAME = HWST;
				SWIFT_VERSION = 5.0;
				TARGETED_DEVICE_FAMILY = 1;
			};
			name = Debug;
		};
		5DA26F7524F05E7A006DEC00 /* Release */ = {
			isa = XCBuildConfiguration;
			baseConfigurationReference = 7FB02E00B8D9C19C400625BC /* Pods-hwst.release.xcconfig */;
			buildSettings = {
				ASSETCATALOG_COMPILER_APPICON_NAME = AppIcon;
				CODE_SIGN_STYLE = Automatic;
				DEVELOPMENT_TEAM = C4258W3T9M;
				INFOPLIST_FILE = hwst/Info.plist;
				IPHONEOS_DEPLOYMENT_TARGET = 10.0;
				LD_RUNPATH_SEARCH_PATHS = (
					"$(inherited)",
					"@executable_path/Frameworks",
				);
				PRODUCT_BUNDLE_IDENTIFIER = apro.hwst;
				PRODUCT_NAME = HWST;
				SWIFT_VERSION = 5.0;
				TARGETED_DEVICE_FAMILY = 1;
			};
			name = Release;
		};
/* End XCBuildConfiguration section */

/* Begin XCConfigurationList section */
		5DA26F5724F05E6F006DEC00 /* Build configuration list for PBXProject "hwst" */ = {
			isa = XCConfigurationList;
			buildConfigurations = (
				5DA26F7124F05E7A006DEC00 /* Debug */,
				5DA26F7224F05E7A006DEC00 /* Release */,
			);
			defaultConfigurationIsVisible = 0;
			defaultConfigurationName = Release;
		};
		5DA26F7324F05E7A006DEC00 /* Build configuration list for PBXNativeTarget "hwst" */ = {
			isa = XCConfigurationList;
			buildConfigurations = (
				5DA26F7424F05E7A006DEC00 /* Debug */,
				5DA26F7524F05E7A006DEC00 /* Release */,
			);
			defaultConfigurationIsVisible = 0;
			defaultConfigurationName = Release;
		};
/* End XCConfigurationList section */

/* Begin XCVersionGroup section */
		5DA26F6824F05E70006DEC00 /* hwst.xcdatamodeld */ = {
			isa = XCVersionGroup;
			children = (
				5DA26F6924F05E70006DEC00 /* hwst.xcdatamodel */,
			);
			currentVersion = 5DA26F6924F05E70006DEC00 /* hwst.xcdatamodel */;
			path = hwst.xcdatamodeld;
			sourceTree = "<group>";
			versionGroupType = wrapper.xcdatamodel;
		};
/* End XCVersionGroup section */
	};
	rootObject = 5DA26F5424F05E6F006DEC00 /* Project object */;
}
